
Microsoft Visual Studio Solution File, Format Version 12.00
Project("{FAE04EC0-301F-11D3-BF4B-00C04F79EFBC}") = "Uav.Control.Api", "src\Uav.Control.Api\Uav.Control.Api.csproj", "{DFEA6DD8-8630-46A2-8ABF-40F5A265100A}"
EndProject
Project("{FAE04EC0-301F-11D3-BF4B-00C04F79EFBC}") = "Uav.Simulator", "src\Uav.Simulator\Uav.Simulator.csproj", "{42450745-F79F-40C5-8846-8B84D1C1B26F}"
EndProject
Project("{FAE04EC0-301F-11D3-BF4B-00C04F79EFBC}") = "Uav.Application", "src\Uav.Application\Uav.Application.csproj", "{98089D12-1383-41CC-A39C-E6AEDF887F16}"
EndProject
Project("{FAE04EC0-301F-11D3-BF4B-00C04F79EFBC}") = "Uav.Domain", "src\Uav.Domain\Uav.Domain.csproj", "{956FCCBC-5C6F-4E9F-A36F-A214A91AF0C1}"
EndProject
Project("{FAE04EC0-301F-11D3-BF4B-00C04F79EFBC}") = "Uav.Infrastructure", "src\Uav.Infrastructure\Uav.Infrastructure.csproj", "{627C19F0-524C-48D6-9292-AA51B75036A5}"
EndProject
Project("{FAE04EC0-301F-11D3-BF4B-00C04F79EFBC}") = "Uav.Domain.Tests", "tests\Uav.Domain.Tests\Uav.Domain.Tests.csproj", "{B045427F-4F1A-4E54-B2A9-17BDF1F8AB1E}"
EndProject
Project("{FAE04EC0-301F-11D3-BF4B-00C04F79EFBC}") = "Uav.Application.Tests", "tests\Uav.Application.Tests\Uav.Application.Tests.csproj", "{C2D6867D-C32D-46F1-90A7-C6657132C801}"
EndProject
Project("{FAE04EC0-301F-11D3-BF4B-00C04F79EFBC}") = "Uav.Api.IntegrationTests", "tests\Uav.Api.IntegrationTests\Uav.Api.IntegrationTests.csproj", "{97B8A912-9491-4030-880A-1AA5915FE006}"
EndProject
Global
	GlobalSection(SolutionConfigurationPlatforms) = preSolution
		Debug|Any CPU = Debug|Any CPU
		Release|Any CPU = Release|Any CPU
	EndGlobalSection
	GlobalSection(ProjectConfigurationPlatforms) = postSolution
		{DFEA6DD8-8630-46A2-8ABF-40F5A265100A}.Debug|Any CPU.ActiveCfg = Debug|Any CPU
		{DFEA6DD8-8630-46A2-8ABF-40F5A265100A}.Debug|Any CPU.Build.0 = Debug|Any CPU
		{DFEA6DD8-8630-46A2-8ABF-40F5A265100A}.Release|Any CPU.ActiveCfg = Release|Any CPU
		{DFEA6DD8-8630-46A2-8ABF-40F5A265100A}.Release|Any CPU.Build.0 = Release|Any CPU
		{42450745-F79F-40C5-8846-8B84D1C1B26F}.Debug|Any CPU.ActiveCfg = Debug|Any CPU
		{42450745-F79F-40C5-8846-8B84D1C1B26F}.Debug|Any CPU.Build.0 = Debug|Any CPU
		{42450745-F79F-40C5-8846-8B84D1C1B26F}.Release|Any CPU.ActiveCfg = Release|Any CPU
		{42450745-F79F-40C5-8846-8B84D1C1B26F}.Release|Any CPU.Build.0 = Release|Any CPU
		{98089D12-1383-41CC-A39C-E6AEDF887F16}.Debug|Any CPU.ActiveCfg = Debug|Any CPU
		{98089D12-1383-41CC-A39C-E6AEDF887F16}.Debug|Any CPU.Build.0 = Debug|Any CPU
		{98089D12-1383-41CC-A39C-E6AEDF887F16}.Release|Any CPU.ActiveCfg = Release|Any CPU
		{98089D12-1383-41CC-A39C-E6AEDF887F16}.Release|Any CPU.Build.0 = Release|Any CPU
		{956FCCBC-5C6F-4E9F-A36F-A214A91AF0C1}.Debug|Any CPU.ActiveCfg = Debug|Any CPU
		{956FCCBC-5C6F-4E9F-A36F-A214A91AF0C1}.Debug|Any CPU.Build.0 = Debug|Any CPU
		{956FCCBC-5C6F-4E9F-A36F-A214A91AF0C1}.Release|Any CPU.ActiveCfg = Release|Any CPU
		{956FCCBC-5C6F-4E9F-A36F-A214A91AF0C1}.Release|Any CPU.Build.0 = Release|Any CPU
		{627C19F0-524C-48D6-9292-AA51B75036A5}.Debug|Any CPU.ActiveCfg = Debug|Any CPU
		{627C19F0-524C-48D6-9292-AA51B75036A5}.Debug|Any CPU.Build.0 = Debug|Any CPU
		{627C19F0-524C-48D6-9292-AA51B75036A5}.Release|Any CPU.ActiveCfg = Release|Any CPU
		{627C19F0-524C-48D6-9292-AA51B75036A5}.Release|Any CPU.Build.0 = Release|Any CPU
		{B045427F-4F1A-4E54-B2A9-17BDF1F8AB1E}.Debug|Any CPU.ActiveCfg = Debug|Any CPU
		{B045427F-4F1A-4E54-B2A9-17BDF1F8AB1E}.Debug|Any CPU.Build.0 = Debug|Any CPU
		{B045427F-4F1A-4E54-B2A9-17BDF1F8AB1E}.Release|Any CPU.ActiveCfg = Release|Any CPU
		{B045427F-4F1A-4E54-B2A9-17BDF1F8AB1E}.Release|Any CPU.Build.0 = Release|Any CPU
		{C2D6867D-C32D-46F1-90A7-C6657132C801}.Debug|Any CPU.ActiveCfg = Debug|Any CPU
		{C2D6867D-C32D-46F1-90A7-C6657132C801}.Debug|Any CPU.Build.0 = Debug|Any CPU
		{C2D6867D-C32D-46F1-90A7-C6657132C801}.Release|Any CPU.ActiveCfg = Release|Any CPU
		{C2D6867D-C32D-46F1-90A7-C6657132C801}.Release|Any CPU.Build.0 = Release|Any CPU
		{97B8A912-9491-4030-880A-1AA5915FE006}.Debug|Any CPU.ActiveCfg = Debug|Any CPU
		{97B8A912-9491-4030-880A-1AA5915FE006}.Debug|Any CPU.Build.0 = Debug|Any CPU
		{97B8A912-9491-4030-880A-1AA5915FE006}.Release|Any CPU.ActiveCfg = Release|Any CPU
		{97B8A912-9491-4030-880A-1AA5915FE006}.Release|Any CPU.Build.0 = Release|Any CPU
	EndGlobalSection
EndGlobal
